
Microsoft Visual Studio Solution File, Format Version 11.00
# Visual Studio 2010
Project("{FAE04EC0-301F-11D3-BF4B-00C04F79EFBC}") = "R2FLauncher", "R2FLauncher\R2FLauncher.csproj", "{AE0EAEF6-BDC6-4B20-BF79-4D3350EB1D24}"
EndProject
Global
	GlobalSection(SolutionConfigurationPlatforms) = preSolution
		Debug|x86 = Debug|x86
		Release|x86 = Release|x86
	EndGlobalSection
	GlobalSection(ProjectConfigurationPlatforms) = postSolution
		{AE0EAEF6-BDC6-4B20-BF79-4D3350EB1D24}.Debug|x86.ActiveCfg = Release|x86
		{AE0EAEF6-BDC6-4B20-BF79-4D3350EB1D24}.Debug|x86.Build.0 = Release|x86
		{AE0EAEF6-BDC6-4B20-BF79-4D3350EB1D24}.Release|x86.ActiveCfg = Release|x86
		{AE0EAEF6-BDC6-4B20-BF79-4D3350EB1D24}.Release|x86.Build.0 = Release|x86
	EndGlobalSection
	GlobalSection(SolutionProperties) = preSolution
		HideSolutionNode = FALSE
	EndGlobalSection
EndGlobal
